// !$*UTF8*$!
{
	archiveVersion = 1;
	classes = {
	};
	objectVersion = 46;
	objects = {

/* Begin PBXBuildFile section */
		03319EBD1D25C4AA0031D8FF /* AppDelegate.swift in Sources */ = {isa = PBXBuildFile; fileRef = 03319EBC1D25C4AA0031D8FF /* AppDelegate.swift */; };
		03319EBF1D25C4AA0031D8FF /* ViewController.swift in Sources */ = {isa = PBXBuildFile; fileRef = 03319EBE1D25C4AA0031D8FF /* ViewController.swift */; };
		03319EC21D25C4AA0031D8FF /* Main.storyboard in Resources */ = {isa = PBXBuildFile; fileRef = 03319EC01D25C4AA0031D8FF /* Main.storyboard */; };
		03319EC41D25C4AA0031D8FF /* Assets.xcassets in Resources */ = {isa = PBXBuildFile; fileRef = 03319EC31D25C4AA0031D8FF /* Assets.xcassets */; };
		03319EC71D25C4AA0031D8FF /* LaunchScreen.storyboard in Resources */ = {isa = PBXBuildFile; fileRef = 03319EC51D25C4AA0031D8FF /* LaunchScreen.storyboard */; };
		03319ED01D25C6340031D8FF /* PlacesRequestModel.swift in Sources */ = {isa = PBXBuildFile; fileRef = 03319ECF1D25C6340031D8FF /* PlacesRequestModel.swift */; };
		654E006D286A7D94189816EB /* Pods_MyWay.framework in Frameworks */ = {isa = PBXBuildFile; fileRef = B24E5F1477B42B97613A868D /* Pods_MyWay.framework */; };
		F0B570311D264928005B5662 /* PlacesViewController.swift in Sources */ = {isa = PBXBuildFile; fileRef = F0B570301D264928005B5662 /* PlacesViewController.swift */; };
		F0B570341D264A71005B5662 /* PlacesCell.swift in Sources */ = {isa = PBXBuildFile; fileRef = F0B570331D264A71005B5662 /* PlacesCell.swift */; };
		F0B570371D264CA7005B5662 /* PlacesApi.swift in Sources */ = {isa = PBXBuildFile; fileRef = F0B570361D264CA7005B5662 /* PlacesApi.swift */; };
		F0B570391D2659B9005B5662 /* PlacesResponseModel.swift in Sources */ = {isa = PBXBuildFile; fileRef = F0B570381D2659B9005B5662 /* PlacesResponseModel.swift */; };
		F0B5703B1D26940F005B5662 /* PlaceModel.swift in Sources */ = {isa = PBXBuildFile; fileRef = F0B5703A1D26940F005B5662 /* PlaceModel.swift */; };
/* End PBXBuildFile section */

/* Begin PBXFileReference section */
		03319EB91D25C4AA0031D8FF /* MyWay.app */ = {isa = PBXFileReference; explicitFileType = wrapper.application; includeInIndex = 0; path = MyWay.app; sourceTree = BUILT_PRODUCTS_DIR; };
		03319EBC1D25C4AA0031D8FF /* AppDelegate.swift */ = {isa = PBXFileReference; lastKnownFileType = sourcecode.swift; path = AppDelegate.swift; sourceTree = "<group>"; };
		03319EBE1D25C4AA0031D8FF /* ViewController.swift */ = {isa = PBXFileReference; lastKnownFileType = sourcecode.swift; path = ViewController.swift; sourceTree = "<group>"; };
		03319EC11D25C4AA0031D8FF /* Base */ = {isa = PBXFileReference; lastKnownFileType = file.storyboard; name = Base; path = Base.lproj/Main.storyboard; sourceTree = "<group>"; };
		03319EC31D25C4AA0031D8FF /* Assets.xcassets */ = {isa = PBXFileReference; lastKnownFileType = folder.assetcatalog; path = Assets.xcassets; sourceTree = "<group>"; };
		03319EC61D25C4AA0031D8FF /* Base */ = {isa = PBXFileReference; lastKnownFileType = file.storyboard; name = Base; path = Base.lproj/LaunchScreen.storyboard; sourceTree = "<group>"; };
		03319EC81D25C4AA0031D8FF /* Info.plist */ = {isa = PBXFileReference; lastKnownFileType = text.plist.xml; path = Info.plist; sourceTree = "<group>"; };
		03319ECF1D25C6340031D8FF /* PlacesRequestModel.swift */ = {isa = PBXFileReference; fileEncoding = 4; lastKnownFileType = sourcecode.swift; path = PlacesRequestModel.swift; sourceTree = "<group>"; };
		B24E5F1477B42B97613A868D /* Pods_MyWay.framework */ = {isa = PBXFileReference; explicitFileType = wrapper.framework; includeInIndex = 0; path = Pods_MyWay.framework; sourceTree = BUILT_PRODUCTS_DIR; };
		B3654A6A1688E91FBD1B9E45 /* Pods-MyWay.debug.xcconfig */ = {isa = PBXFileReference; includeInIndex = 1; lastKnownFileType = text.xcconfig; name = "Pods-MyWay.debug.xcconfig"; path = "Pods/Target Support Files/Pods-MyWay/Pods-MyWay.debug.xcconfig"; sourceTree = "<group>"; };
		F0B570301D264928005B5662 /* PlacesViewController.swift */ = {isa = PBXFileReference; fileEncoding = 4; lastKnownFileType = sourcecode.swift; path = PlacesViewController.swift; sourceTree = "<group>"; };
		F0B570331D264A71005B5662 /* PlacesCell.swift */ = {isa = PBXFileReference; fileEncoding = 4; lastKnownFileType = sourcecode.swift; path = PlacesCell.swift; sourceTree = "<group>"; };
		F0B570361D264CA7005B5662 /* PlacesApi.swift */ = {isa = PBXFileReference; fileEncoding = 4; lastKnownFileType = sourcecode.swift; path = PlacesApi.swift; sourceTree = "<group>"; };
		F0B570381D2659B9005B5662 /* PlacesResponseModel.swift */ = {isa = PBXFileReference; fileEncoding = 4; lastKnownFileType = sourcecode.swift; path = PlacesResponseModel.swift; sourceTree = "<group>"; };
		F0B5703A1D26940F005B5662 /* PlaceModel.swift */ = {isa = PBXFileReference; fileEncoding = 4; lastKnownFileType = sourcecode.swift; path = PlaceModel.swift; sourceTree = "<group>"; };
		F4D138E30A2B27C623162943 /* Pods-MyWay.release.xcconfig */ = {isa = PBXFileReference; includeInIndex = 1; lastKnownFileType = text.xcconfig; name = "Pods-MyWay.release.xcconfig"; path = "Pods/Target Support Files/Pods-MyWay/Pods-MyWay.release.xcconfig"; sourceTree = "<group>"; };
/* End PBXFileReference section */

/* Begin PBXFrameworksBuildPhase section */
		03319EB61D25C4AA0031D8FF /* Frameworks */ = {
			isa = PBXFrameworksBuildPhase;
			buildActionMask = 2147483647;
			files = (
				654E006D286A7D94189816EB /* Pods_MyWay.framework in Frameworks */,
			);
			runOnlyForDeploymentPostprocessing = 0;
		};
/* End PBXFrameworksBuildPhase section */

/* Begin PBXGroup section */
		03319EB01D25C4AA0031D8FF = {
			isa = PBXGroup;
			children = (
				03319EBB1D25C4AA0031D8FF /* MyWay */,
				03319EBA1D25C4AA0031D8FF /* Products */,
				8C15CE0EBB1F5706A74EF9E1 /* Pods */,
				551125A807F0D10E600C0500 /* Frameworks */,
			);
			sourceTree = "<group>";
		};
		03319EBA1D25C4AA0031D8FF /* Products */ = {
			isa = PBXGroup;
			children = (
				03319EB91D25C4AA0031D8FF /* MyWay.app */,
			);
			name = Products;
			sourceTree = "<group>";
		};
		03319EBB1D25C4AA0031D8FF /* MyWay */ = {
			isa = PBXGroup;
			children = (
				03319EBC1D25C4AA0031D8FF /* AppDelegate.swift */,
				03319EC01D25C4AA0031D8FF /* Main.storyboard */,
				F0B570351D264C6A005B5662 /* API */,
				03319ECE1D25C5E10031D8FF /* Model */,
				F0B570321D264A51005B5662 /* UI */,
				03319EBE1D25C4AA0031D8FF /* ViewController.swift */,
				03319EC31D25C4AA0031D8FF /* Assets.xcassets */,
				03319EC51D25C4AA0031D8FF /* LaunchScreen.storyboard */,
				03319EC81D25C4AA0031D8FF /* Info.plist */,
			);
			path = MyWay;
			sourceTree = "<group>";
		};
		03319ECE1D25C5E10031D8FF /* Model */ = {
			isa = PBXGroup;
			children = (
				03319ECF1D25C6340031D8FF /* PlacesRequestModel.swift */,
				F0B570381D2659B9005B5662 /* PlacesResponseModel.swift */,
				F0B5703A1D26940F005B5662 /* PlaceModel.swift */,
			);
			name = Model;
			sourceTree = "<group>";
		};
		551125A807F0D10E600C0500 /* Frameworks */ = {
			isa = PBXGroup;
			children = (
				B24E5F1477B42B97613A868D /* Pods_MyWay.framework */,
			);
			name = Frameworks;
			sourceTree = "<group>";
		};
		8C15CE0EBB1F5706A74EF9E1 /* Pods */ = {
			isa = PBXGroup;
			children = (
				B3654A6A1688E91FBD1B9E45 /* Pods-MyWay.debug.xcconfig */,
				F4D138E30A2B27C623162943 /* Pods-MyWay.release.xcconfig */,
			);
			name = Pods;
			sourceTree = "<group>";
		};
		F0B570321D264A51005B5662 /* UI */ = {
			isa = PBXGroup;
			children = (
				F0B570301D264928005B5662 /* PlacesViewController.swift */,
				F0B570331D264A71005B5662 /* PlacesCell.swift */,
			);
			name = UI;
			sourceTree = "<group>";
		};
		F0B570351D264C6A005B5662 /* API */ = {
			isa = PBXGroup;
			children = (
				F0B570361D264CA7005B5662 /* PlacesApi.swift */,
			);
			name = API;
			sourceTree = "<group>";
		};
/* End PBXGroup section */

/* Begin PBXNativeTarget section */
		03319EB81D25C4AA0031D8FF /* MyWay */ = {
			isa = PBXNativeTarget;
			buildConfigurationList = 03319ECB1D25C4AA0031D8FF /* Build configuration list for PBXNativeTarget "MyWay" */;
			buildPhases = (
				ED88135DE8B0D1536CEFB928 /* [CP] Check Pods Manifest.lock */,
				8CC00612E22C23D9DA3F3871 /* [CP] Check Pods Manifest.lock */,
				03319EB51D25C4AA0031D8FF /* Sources */,
				03319EB61D25C4AA0031D8FF /* Frameworks */,
				03319EB71D25C4AA0031D8FF /* Resources */,
				53F0F48AF6238AE08DCB52A0 /* [CP] Embed Pods Frameworks */,
				6CBD92C5BD62C3795AA8C970 /* [CP] Copy Pods Resources */,
				243B42C9DD9616550B306C4F /* 📦 Embed Pods Frameworks */,
				59FEB5AE2BEFE6649595DB0D /* 📦 Copy Pods Resources */,
			);
			buildRules = (
			);
			dependencies = (
			);
			name = MyWay;
			productName = MyWay;
			productReference = 03319EB91D25C4AA0031D8FF /* MyWay.app */;
			productType = "com.apple.product-type.application";
		};
/* End PBXNativeTarget section */

/* Begin PBXProject section */
		03319EB11D25C4AA0031D8FF /* Project object */ = {
			isa = PBXProject;
			attributes = {
				LastSwiftUpdateCheck = 0730;
				LastUpgradeCheck = 0730;
				ORGANIZATIONNAME = "Marco Marengo";
				TargetAttributes = {
					03319EB81D25C4AA0031D8FF = {
						CreatedOnToolsVersion = 7.3.1;
					};
				};
			};
			buildConfigurationList = 03319EB41D25C4AA0031D8FF /* Build configuration list for PBXProject "MyWay" */;
			compatibilityVersion = "Xcode 3.2";
			developmentRegion = English;
			hasScannedForEncodings = 0;
			knownRegions = (
				en,
				Base,
			);
			mainGroup = 03319EB01D25C4AA0031D8FF;
			productRefGroup = 03319EBA1D25C4AA0031D8FF /* Products */;
			projectDirPath = "";
			projectRoot = "";
			targets = (
				03319EB81D25C4AA0031D8FF /* MyWay */,
			);
		};
/* End PBXProject section */

/* Begin PBXResourcesBuildPhase section */
		03319EB71D25C4AA0031D8FF /* Resources */ = {
			isa = PBXResourcesBuildPhase;
			buildActionMask = 2147483647;
			files = (
				03319EC71D25C4AA0031D8FF /* LaunchScreen.storyboard in Resources */,
				03319EC41D25C4AA0031D8FF /* Assets.xcassets in Resources */,
				03319EC21D25C4AA0031D8FF /* Main.storyboard in Resources */,
			);
			runOnlyForDeploymentPostprocessing = 0;
		};
/* End PBXResourcesBuildPhase section */

/* Begin PBXShellScriptBuildPhase section */
		243B42C9DD9616550B306C4F /* 📦 Embed Pods Frameworks */ = {
			isa = PBXShellScriptBuildPhase;
			buildActionMask = 2147483647;
			files = (
			);
			inputPaths = (
			);
			name = "📦 Embed Pods Frameworks";
			outputPaths = (
			);
			runOnlyForDeploymentPostprocessing = 0;
			shellPath = /bin/sh;
			shellScript = "\"${SRCROOT}/Pods/Target Support Files/Pods-MyWay/Pods-MyWay-frameworks.sh\"\n";
			showEnvVarsInLog = 0;
		};
		53F0F48AF6238AE08DCB52A0 /* [CP] Embed Pods Frameworks */ = {
			isa = PBXShellScriptBuildPhase;
			buildActionMask = 2147483647;
			files = (
			);
			inputPaths = (
			);
			name = "[CP] Embed Pods Frameworks";
			outputPaths = (
			);
			runOnlyForDeploymentPostprocessing = 0;
			shellPath = /bin/sh;
			shellScript = "\"${SRCROOT}/Pods/Target Support Files/Pods-MyWay/Pods-MyWay-frameworks.sh\"\n";
			showEnvVarsInLog = 0;
		};
		59FEB5AE2BEFE6649595DB0D /* 📦 Copy Pods Resources */ = {
			isa = PBXShellScriptBuildPhase;
			buildActionMask = 2147483647;
			files = (
			);
			inputPaths = (
			);
			name = "📦 Copy Pods Resources";
			outputPaths = (
			);
			runOnlyForDeploymentPostprocessing = 0;
			shellPath = /bin/sh;
			shellScript = "\"${SRCROOT}/Pods/Target Support Files/Pods-MyWay/Pods-MyWay-resources.sh\"\n";
			showEnvVarsInLog = 0;
		};
		6CBD92C5BD62C3795AA8C970 /* [CP] Copy Pods Resources */ = {
			isa = PBXShellScriptBuildPhase;
			buildActionMask = 2147483647;
			files = (
			);
			inputPaths = (
			);
			name = "[CP] Copy Pods Resources";
			outputPaths = (
			);
			runOnlyForDeploymentPostprocessing = 0;
			shellPath = /bin/sh;
			shellScript = "\"${SRCROOT}/Pods/Target Support Files/Pods-MyWay/Pods-MyWay-resources.sh\"\n";
			showEnvVarsInLog = 0;
		};
		8CC00612E22C23D9DA3F3871 /* [CP] Check Pods Manifest.lock */ = {
			isa = PBXShellScriptBuildPhase;
			buildActionMask = 2147483647;
			files = (
			);
			inputPaths = (
			);
			name = "[CP] Check Pods Manifest.lock";
			outputPaths = (
			);
			runOnlyForDeploymentPostprocessing = 0;
			shellPath = /bin/sh;
			shellScript = "diff \"${PODS_ROOT}/../Podfile.lock\" \"${PODS_ROOT}/Manifest.lock\" > /dev/null\nif [[ $? != 0 ]] ; then\n    cat << EOM\nerror: The sandbox is not in sync with the Podfile.lock. Run 'pod install' or update your CocoaPods installation.\nEOM\n    exit 1\nfi\n";
			showEnvVarsInLog = 0;
		};
		ED88135DE8B0D1536CEFB928 /* [CP] Check Pods Manifest.lock */ = {
			isa = PBXShellScriptBuildPhase;
			buildActionMask = 2147483647;
			files = (
			);
			inputPaths = (
			);
			name = "[CP] Check Pods Manifest.lock";
			outputPaths = (
			);
			runOnlyForDeploymentPostprocessing = 0;
			shellPath = /bin/sh;
			shellScript = "diff \"${PODS_ROOT}/../Podfile.lock\" \"${PODS_ROOT}/Manifest.lock\" > /dev/null\nif [[ $? != 0 ]] ; then\n    cat << EOM\nerror: The sandbox is not in sync with the Podfile.lock. Run 'pod install' or update your CocoaPods installation.\nEOM\n    exit 1\nfi\n";
			showEnvVarsInLog = 0;
		};
/* End PBXShellScriptBuildPhase section */

/* Begin PBXSourcesBuildPhase section */
		03319EB51D25C4AA0031D8FF /* Sources */ = {
			isa = PBXSourcesBuildPhase;
			buildActionMask = 2147483647;
			files = (
				F0B570311D264928005B5662 /* PlacesViewController.swift in Sources */,
				F0B5703B1D26940F005B5662 /* PlaceModel.swift in Sources */,
				03319EBF1D25C4AA0031D8FF /* ViewController.swift in Sources */,
				F0B570341D264A71005B5662 /* PlacesCell.swift in Sources */,
				03319ED01D25C6340031D8FF /* PlacesRequestModel.swift in Sources */,
				F0B570391D2659B9005B5662 /* PlacesResponseModel.swift in Sources */,
				F0B570371D264CA7005B5662 /* PlacesApi.swift in Sources */,
				03319EBD1D25C4AA0031D8FF /* AppDelegate.swift in Sources */,
			);
			runOnlyForDeploymentPostprocessing = 0;
		};
/* End PBXSourcesBuildPhase section */

/* Begin PBXVariantGroup section */
		03319EC01D25C4AA0031D8FF /* Main.storyboard */ = {
			isa = PBXVariantGroup;
			children = (
				03319EC11D25C4AA0031D8FF /* Base */,
			);
			name = Main.storyboard;
			sourceTree = "<group>";
		};
		03319EC51D25C4AA0031D8FF /* LaunchScreen.storyboard */ = {
			isa = PBXVariantGroup;
			children = (
				03319EC61D25C4AA0031D8FF /* Base */,
			);
			name = LaunchScreen.storyboard;
			sourceTree = "<group>";
		};
/* End PBXVariantGroup section */

/* Begin XCBuildConfiguration section */
		03319EC91D25C4AA0031D8FF /* Debug */ = {
			isa = XCBuildConfiguration;
			buildSettings = {
				ALWAYS_SEARCH_USER_PATHS = NO;
				CLANG_ANALYZER_NONNULL = YES;
				CLANG_CXX_LANGUAGE_STANDARD = "gnu++0x";
				CLANG_CXX_LIBRARY = "libc++";
				CLANG_ENABLE_MODULES = YES;
				CLANG_ENABLE_OBJC_ARC = YES;
				CLANG_WARN_BOOL_CONVERSION = YES;
				CLANG_WARN_CONSTANT_CONVERSION = YES;
				CLANG_WARN_DIRECT_OBJC_ISA_USAGE = YES_ERROR;
				CLANG_WARN_EMPTY_BODY = YES;
				CLANG_WARN_ENUM_CONVERSION = YES;
				CLANG_WARN_INT_CONVERSION = YES;
				CLANG_WARN_OBJC_ROOT_CLASS = YES_ERROR;
				CLANG_WARN_UNREACHABLE_CODE = YES;
				CLANG_WARN__DUPLICATE_METHOD_MATCH = YES;
				"CODE_SIGN_IDENTITY[sdk=iphoneos*]" = "iPhone Developer";
				COPY_PHASE_STRIP = NO;
				DEBUG_INFORMATION_FORMAT = dwarf;
				ENABLE_STRICT_OBJC_MSGSEND = YES;
				ENABLE_TESTABILITY = YES;
				GCC_C_LANGUAGE_STANDARD = gnu99;
				GCC_DYNAMIC_NO_PIC = NO;
				GCC_NO_COMMON_BLOCKS = YES;
				GCC_OPTIMIZATION_LEVEL = 0;
				GCC_PREPROCESSOR_DEFINITIONS = (
					"DEBUG=1",
					"$(inherited)",
				);
				GCC_WARN_64_TO_32_BIT_CONVERSION = YES;
				GCC_WARN_ABOUT_RETURN_TYPE = YES_ERROR;
				GCC_WARN_UNDECLARED_SELECTOR = YES;
				GCC_WARN_UNINITIALIZED_AUTOS = YES_AGGRESSIVE;
				GCC_WARN_UNUSED_FUNCTION = YES;
				GCC_WARN_UNUSED_VARIABLE = YES;
				IPHONEOS_DEPLOYMENT_TARGET = 9.3;
				MTL_ENABLE_DEBUG_INFO = YES;
				ONLY_ACTIVE_ARCH = YES;
				SDKROOT = iphoneos;
				SWIFT_OPTIMIZATION_LEVEL = "-Onone";
			};
			name = Debug;
		};
		03319ECA1D25C4AA0031D8FF /* Release */ = {
			isa = XCBuildConfiguration;
			buildSettings = {
				ALWAYS_SEARCH_USER_PATHS = NO;
				CLANG_ANALYZER_NONNULL = YES;
				CLANG_CXX_LANGUAGE_STANDARD = "gnu++0x";
				CLANG_CXX_LIBRARY = "libc++";
				CLANG_ENABLE_MODULES = YES;
				CLANG_ENABLE_OBJC_ARC = YES;
				CLANG_WARN_BOOL_CONVERSION = YES;
				CLANG_WARN_CONSTANT_CONVERSION = YES;
				CLANG_WARN_DIRECT_OBJC_ISA_USAGE = YES_ERROR;
				CLANG_WARN_EMPTY_BODY = YES;
				CLANG_WARN_ENUM_CONVERSION = YES;
				CLANG_WARN_INT_CONVERSION = YES;
				CLANG_WARN_OBJC_ROOT_CLASS = YES_ERROR;
				CLANG_WARN_UNREACHABLE_CODE = YES;
				CLANG_WARN__DUPLICATE_METHOD_MATCH = YES;
				"CODE_SIGN_IDENTITY[sdk=iphoneos*]" = "iPhone Developer";
				COPY_PHASE_STRIP = NO;
				DEBUG_INFORMATION_FORMAT = "dwarf-with-dsym";
				ENABLE_NS_ASSERTIONS = NO;
				ENABLE_STRICT_OBJC_MSGSEND = YES;
				GCC_C_LANGUAGE_STANDARD = gnu99;
				GCC_NO_COMMON_BLOCKS = YES;
				GCC_WARN_64_TO_32_BIT_CONVERSION = YES;
				GCC_WARN_ABOUT_RETURN_TYPE = YES_ERROR;
				GCC_WARN_UNDECLARED_SELECTOR = YES;
				GCC_WARN_UNINITIALIZED_AUTOS = YES_AGGRESSIVE;
				GCC_WARN_UNUSED_FUNCTION = YES;
				GCC_WARN_UNUSED_VARIABLE = YES;
				IPHONEOS_DEPLOYMENT_TARGET = 9.3;
				MTL_ENABLE_DEBUG_INFO = NO;
				SDKROOT = iphoneos;
				VALIDATE_PRODUCT = YES;
			};
			name = Release;
		};
		03319ECC1D25C4AA0031D8FF /* Debug */ = {
			isa = XCBuildConfiguration;
			baseConfigurationReference = B3654A6A1688E91FBD1B9E45 /* Pods-MyWay.debug.xcconfig */;
			buildSettings = {
				ASSETCATALOG_COMPILER_APPICON_NAME = AppIcon;
				INFOPLIST_FILE = MyWay/Info.plist;
				LD_RUNPATH_SEARCH_PATHS = "$(inherited) @executable_path/Frameworks";
				PRODUCT_BUNDLE_IDENTIFIER = it.nogood.ios.MyWay;
				PRODUCT_NAME = "$(TARGET_NAME)";
			};
			name = Debug;
		};
		03319ECD1D25C4AA0031D8FF /* Release */ = {
			isa = XCBuildConfiguration;
			baseConfigurationReference = F4D138E30A2B27C623162943 /* Pods-MyWay.release.xcconfig */;
			buildSettings = {
				ASSETCATALOG_COMPILER_APPICON_NAME = AppIcon;
				INFOPLIST_FILE = MyWay/Info.plist;
				LD_RUNPATH_SEARCH_PATHS = "$(inherited) @executable_path/Frameworks";
				PRODUCT_BUNDLE_IDENTIFIER = it.nogood.ios.MyWay;
				PRODUCT_NAME = "$(TARGET_NAME)";
			};
			name = Release;
		};
/* End XCBuildConfiguration section */

/* Begin XCConfigurationList section */
		03319EB41D25C4AA0031D8FF /* Build configuration list for PBXProject "MyWay" */ = {
			isa = XCConfigurationList;
			buildConfigurations = (
				03319EC91D25C4AA0031D8FF /* Debug */,
				03319ECA1D25C4AA0031D8FF /* Release */,
			);
			defaultConfigurationIsVisible = 0;
			defaultConfigurationName = Release;
		};
		03319ECB1D25C4AA0031D8FF /* Build configuration list for PBXNativeTarget "MyWay" */ = {
			isa = XCConfigurationList;
			buildConfigurations = (
				03319ECC1D25C4AA0031D8FF /* Debug */,
				03319ECD1D25C4AA0031D8FF /* Release */,
			);
			defaultConfigurationIsVisible = 0;
			defaultConfigurationName = Release;
		};
/* End XCConfigurationList section */
	};
	rootObject = 03319EB11D25C4AA0031D8FF /* Project object */;
}
